// !$*UTF8*$!
{
	archiveVersion = 1;
	classes = {
	};
	objectVersion = 51;
	objects = {

/* Begin PBXBuildFile section */
		1059CC8B2613409500F4DC41 /* DataCell.swift in Sources */ = {isa = PBXBuildFile; fileRef = 1059CC892613409500F4DC41 /* DataCell.swift */; };
		1059CC8C2613409500F4DC41 /* DataCell.xib in Resources */ = {isa = PBXBuildFile; fileRef = 1059CC8A2613409500F4DC41 /* DataCell.xib */; };
		1E60332E260DBF5100B4D30F /* AppDelegate.swift in Sources */ = {isa = PBXBuildFile; fileRef = 1E60332D260DBF5100B4D30F /* AppDelegate.swift */; };
		1E603330260DBF5100B4D30F /* SceneDelegate.swift in Sources */ = {isa = PBXBuildFile; fileRef = 1E60332F260DBF5100B4D30F /* SceneDelegate.swift */; };
		1E603335260DBF5100B4D30F /* Main.storyboard in Resources */ = {isa = PBXBuildFile; fileRef = 1E603333260DBF5100B4D30F /* Main.storyboard */; };
		1E60333A260DBF5500B4D30F /* Assets.xcassets in Resources */ = {isa = PBXBuildFile; fileRef = 1E603339260DBF5500B4D30F /* Assets.xcassets */; };
		1E60333D260DBF5500B4D30F /* LaunchScreen.storyboard in Resources */ = {isa = PBXBuildFile; fileRef = 1E60333B260DBF5500B4D30F /* LaunchScreen.storyboard */; };
		1E60334E260DC55D00B4D30F /* GoogleMapViewController.swift in Sources */ = {isa = PBXBuildFile; fileRef = 1E60334D260DC55D00B4D30F /* GoogleMapViewController.swift */; };
		1E603351260DC5ED00B4D30F /* autocompleteSearchViewController.swift in Sources */ = {isa = PBXBuildFile; fileRef = 1E603350260DC5ED00B4D30F /* autocompleteSearchViewController.swift */; };
		1E60335D260E07D400B4D30F /* SQliteHelper.swift in Sources */ = {isa = PBXBuildFile; fileRef = 1E60335C260E07D400B4D30F /* SQliteHelper.swift */; };
		1E603360260E080500B4D30F /* LocStore.swift in Sources */ = {isa = PBXBuildFile; fileRef = 1E60335F260E080500B4D30F /* LocStore.swift */; };
		1E6D8EE6261194A0009AE048 /* Pods_GoogleMapsEx.framework in Frameworks */ = {isa = PBXBuildFile; fileRef = 6A6BACC9D0974BC71BF8D2E0 /* Pods_GoogleMapsEx.framework */; };
		1E6D8EE7261194A0009AE048 /* Pods_GoogleMapsEx.framework in Embed Frameworks */ = {isa = PBXBuildFile; fileRef = 6A6BACC9D0974BC71BF8D2E0 /* Pods_GoogleMapsEx.framework */; settings = {ATTRIBUTES = (CodeSignOnCopy, RemoveHeadersOnCopy, ); }; };
/* End PBXBuildFile section */

/* Begin PBXCopyFilesBuildPhase section */
		1E6D8EE8261194A0009AE048 /* Embed Frameworks */ = {
			isa = PBXCopyFilesBuildPhase;
			buildActionMask = 2147483647;
			dstPath = "";
			dstSubfolderSpec = 10;
			files = (
				1E6D8EE7261194A0009AE048 /* Pods_GoogleMapsEx.framework in Embed Frameworks */,
			);
			name = "Embed Frameworks";
			runOnlyForDeploymentPostprocessing = 0;
		};
/* End PBXCopyFilesBuildPhase section */

/* Begin PBXFileReference section */
		1059CC892613409500F4DC41 /* DataCell.swift */ = {isa = PBXFileReference; lastKnownFileType = sourcecode.swift; path = DataCell.swift; sourceTree = "<group>"; };
		1059CC8A2613409500F4DC41 /* DataCell.xib */ = {isa = PBXFileReference; lastKnownFileType = file.xib; path = DataCell.xib; sourceTree = "<group>"; };
		1E60332A260DBF5100B4D30F /* GoogleMapsEx.app */ = {isa = PBXFileReference; explicitFileType = wrapper.application; includeInIndex = 0; path = GoogleMapsEx.app; sourceTree = BUILT_PRODUCTS_DIR; };
		1E60332D260DBF5100B4D30F /* AppDelegate.swift */ = {isa = PBXFileReference; lastKnownFileType = sourcecode.swift; path = AppDelegate.swift; sourceTree = "<group>"; };
		1E60332F260DBF5100B4D30F /* SceneDelegate.swift */ = {isa = PBXFileReference; lastKnownFileType = sourcecode.swift; path = SceneDelegate.swift; sourceTree = "<group>"; };
		1E603334260DBF5100B4D30F /* Base */ = {isa = PBXFileReference; lastKnownFileType = file.storyboard; name = Base; path = Base.lproj/Main.storyboard; sourceTree = "<group>"; };
		1E603339260DBF5500B4D30F /* Assets.xcassets */ = {isa = PBXFileReference; lastKnownFileType = folder.assetcatalog; path = Assets.xcassets; sourceTree = "<group>"; };
		1E60333C260DBF5500B4D30F /* Base */ = {isa = PBXFileReference; lastKnownFileType = file.storyboard; name = Base; path = Base.lproj/LaunchScreen.storyboard; sourceTree = "<group>"; };
		1E60333E260DBF5500B4D30F /* Info.plist */ = {isa = PBXFileReference; lastKnownFileType = text.plist.xml; path = Info.plist; sourceTree = "<group>"; };
		1E60334D260DC55D00B4D30F /* GoogleMapViewController.swift */ = {isa = PBXFileReference; lastKnownFileType = sourcecode.swift; path = GoogleMapViewController.swift; sourceTree = "<group>"; };
		1E603350260DC5ED00B4D30F /* autocompleteSearchViewController.swift */ = {isa = PBXFileReference; lastKnownFileType = sourcecode.swift; path = autocompleteSearchViewController.swift; sourceTree = "<group>"; };
		1E60335C260E07D400B4D30F /* SQliteHelper.swift */ = {isa = PBXFileReference; lastKnownFileType = sourcecode.swift; path = SQliteHelper.swift; sourceTree = "<group>"; };
		1E60335F260E080500B4D30F /* LocStore.swift */ = {isa = PBXFileReference; lastKnownFileType = sourcecode.swift; path = LocStore.swift; sourceTree = "<group>"; };
		6A6BACC9D0974BC71BF8D2E0 /* Pods_GoogleMapsEx.framework */ = {isa = PBXFileReference; explicitFileType = wrapper.framework; includeInIndex = 0; path = Pods_GoogleMapsEx.framework; sourceTree = BUILT_PRODUCTS_DIR; };
		7839BCF851C93E81E9283069 /* Pods-GoogleMapsEx.debug.xcconfig */ = {isa = PBXFileReference; includeInIndex = 1; lastKnownFileType = text.xcconfig; name = "Pods-GoogleMapsEx.debug.xcconfig"; path = "Target Support Files/Pods-GoogleMapsEx/Pods-GoogleMapsEx.debug.xcconfig"; sourceTree = "<group>"; };
		F65433717AA79CA7C884214F /* Pods-GoogleMapsEx.release.xcconfig */ = {isa = PBXFileReference; includeInIndex = 1; lastKnownFileType = text.xcconfig; name = "Pods-GoogleMapsEx.release.xcconfig"; path = "Target Support Files/Pods-GoogleMapsEx/Pods-GoogleMapsEx.release.xcconfig"; sourceTree = "<group>"; };
/* End PBXFileReference section */

/* Begin PBXFrameworksBuildPhase section */
		1E603327260DBF5100B4D30F /* Frameworks */ = {
			isa = PBXFrameworksBuildPhase;
			buildActionMask = 2147483647;
			files = (
				1E6D8EE6261194A0009AE048 /* Pods_GoogleMapsEx.framework in Frameworks */,
			);
			runOnlyForDeploymentPostprocessing = 0;
		};
/* End PBXFrameworksBuildPhase section */

/* Begin PBXGroup section */
		1E603321260DBF5000B4D30F = {
			isa = PBXGroup;
			children = (
				1059CC892613409500F4DC41 /* DataCell.swift */,
				1059CC8A2613409500F4DC41 /* DataCell.xib */,
				1E60332C260DBF5100B4D30F /* GoogleMapsEx */,
				1E60332B260DBF5100B4D30F /* Products */,
				5B015D5F421F273B18C7826F /* Pods */,
				F35BAEBAF84B08EAF536379F /* Frameworks */,
			);
			sourceTree = "<group>";
		};
		1E60332B260DBF5100B4D30F /* Products */ = {
			isa = PBXGroup;
			children = (
				1E60332A260DBF5100B4D30F /* GoogleMapsEx.app */,
			);
			name = Products;
			sourceTree = "<group>";
		};
		1E60332C260DBF5100B4D30F /* GoogleMapsEx */ = {
			isa = PBXGroup;
			children = (
				1E60332D260DBF5100B4D30F /* AppDelegate.swift */,
				1E60332F260DBF5100B4D30F /* SceneDelegate.swift */,
				1E6D8EE0261192F5009AE048 /* Model */,
				1E6D8EE126119300009AE048 /* View */,
				1E6D8EE22611930D009AE048 /* Controller */,
				1E6D8EE326119317009AE048 /* SQLiteHelper */,
				1E60333E260DBF5500B4D30F /* Info.plist */,
			);
			path = GoogleMapsEx;
			sourceTree = "<group>";
		};
		1E6D8EE0261192F5009AE048 /* Model */ = {
			isa = PBXGroup;
			children = (
				1E60335F260E080500B4D30F /* LocStore.swift */,
			);
			path = Model;
			sourceTree = "<group>";
		};
		1E6D8EE126119300009AE048 /* View */ = {
			isa = PBXGroup;
			children = (
				1E603339260DBF5500B4D30F /* Assets.xcassets */,
				1E60333B260DBF5500B4D30F /* LaunchScreen.storyboard */,
				1E603333260DBF5100B4D30F /* Main.storyboard */,
			);
			path = View;
			sourceTree = "<group>";
		};
		1E6D8EE22611930D009AE048 /* Controller */ = {
			isa = PBXGroup;
			children = (
				1E60334D260DC55D00B4D30F /* GoogleMapViewController.swift */,
				1E603350260DC5ED00B4D30F /* autocompleteSearchViewController.swift */,
			);
			path = Controller;
			sourceTree = "<group>";
		};
		1E6D8EE326119317009AE048 /* SQLiteHelper */ = {
			isa = PBXGroup;
			children = (
				1E60335C260E07D400B4D30F /* SQliteHelper.swift */,
			);
			path = SQLiteHelper;
			sourceTree = "<group>";
		};
		5B015D5F421F273B18C7826F /* Pods */ = {
			isa = PBXGroup;
			children = (
				7839BCF851C93E81E9283069 /* Pods-GoogleMapsEx.debug.xcconfig */,
				F65433717AA79CA7C884214F /* Pods-GoogleMapsEx.release.xcconfig */,
			);
			path = Pods;
			sourceTree = "<group>";
		};
		F35BAEBAF84B08EAF536379F /* Frameworks */ = {
			isa = PBXGroup;
			children = (
				6A6BACC9D0974BC71BF8D2E0 /* Pods_GoogleMapsEx.framework */,
			);
			name = Frameworks;
			sourceTree = "<group>";
		};
/* End PBXGroup section */

/* Begin PBXNativeTarget section */
		1E603329260DBF5100B4D30F /* GoogleMapsEx */ = {
			isa = PBXNativeTarget;
			buildConfigurationList = 1E603341260DBF5500B4D30F /* Build configuration list for PBXNativeTarget "GoogleMapsEx" */;
			buildPhases = (
				DE277107A24518E49745065A /* [CP] Check Pods Manifest.lock */,
				1E603326260DBF5100B4D30F /* Sources */,
				1E603327260DBF5100B4D30F /* Frameworks */,
				1E603328260DBF5100B4D30F /* Resources */,
				7F69CE3D03ADF8D330ADE6A3 /* [CP] Embed Pods Frameworks */,
				6E8F56D363978095F0DB70F4 /* [CP] Copy Pods Resources */,
				1E6D8EE8261194A0009AE048 /* Embed Frameworks */,
			);
			buildRules = (
			);
			dependencies = (
			);
			name = GoogleMapsEx;
			productName = GoogleMapsEx;
			productReference = 1E60332A260DBF5100B4D30F /* GoogleMapsEx.app */;
			productType = "com.apple.product-type.application";
		};
/* End PBXNativeTarget section */

/* Begin PBXProject section */
		1E603322260DBF5000B4D30F /* Project object */ = {
			isa = PBXProject;
			attributes = {
				KnownAssetTags = (
					New,
				);
				LastSwiftUpdateCheck = 1200;
				LastUpgradeCheck = 1200;
				TargetAttributes = {
					1E603329260DBF5100B4D30F = {
						CreatedOnToolsVersion = 12.0;
					};
				};
			};
			buildConfigurationList = 1E603325260DBF5000B4D30F /* Build configuration list for PBXProject "GoogleMapsEx" */;
			compatibilityVersion = "Xcode 9.3";
			developmentRegion = en;
			hasScannedForEncodings = 0;
			knownRegions = (
				en,
				Base,
			);
			mainGroup = 1E603321260DBF5000B4D30F;
			productRefGroup = 1E60332B260DBF5100B4D30F /* Products */;
			projectDirPath = "";
			projectRoot = "";
			targets = (
				1E603329260DBF5100B4D30F /* GoogleMapsEx */,
			);
		};
/* End PBXProject section */

/* Begin PBXResourcesBuildPhase section */
		1E603328260DBF5100B4D30F /* Resources */ = {
			isa = PBXResourcesBuildPhase;
			buildActionMask = 2147483647;
			files = (
				1E60333D260DBF5500B4D30F /* LaunchScreen.storyboard in Resources */,
				1E60333A260DBF5500B4D30F /* Assets.xcassets in Resources */,
				1E603335260DBF5100B4D30F /* Main.storyboard in Resources */,
				1059CC8C2613409500F4DC41 /* DataCell.xib in Resources */,
			);
			runOnlyForDeploymentPostprocessing = 0;
		};
/* End PBXResourcesBuildPhase section */

/* Begin PBXShellScriptBuildPhase section */
		6E8F56D363978095F0DB70F4 /* [CP] Copy Pods Resources */ = {
			isa = PBXShellScriptBuildPhase;
			buildActionMask = 2147483647;
			files = (
			);
			inputFileListPaths = (
				"${PODS_ROOT}/Target Support Files/Pods-GoogleMapsEx/Pods-GoogleMapsEx-resources-${CONFIGURATION}-input-files.xcfilelist",
			);
			name = "[CP] Copy Pods Resources";
			outputFileListPaths = (
				"${PODS_ROOT}/Target Support Files/Pods-GoogleMapsEx/Pods-GoogleMapsEx-resources-${CONFIGURATION}-output-files.xcfilelist",
			);
			runOnlyForDeploymentPostprocessing = 0;
			shellPath = /bin/sh;
			shellScript = "\"${PODS_ROOT}/Target Support Files/Pods-GoogleMapsEx/Pods-GoogleMapsEx-resources.sh\"\n";
			showEnvVarsInLog = 0;
		};
		7F69CE3D03ADF8D330ADE6A3 /* [CP] Embed Pods Frameworks */ = {
			isa = PBXShellScriptBuildPhase;
			buildActionMask = 2147483647;
			files = (
			);
			inputFileListPaths = (
				"${PODS_ROOT}/Target Support Files/Pods-GoogleMapsEx/Pods-GoogleMapsEx-frameworks-${CONFIGURATION}-input-files.xcfilelist",
			);
			name = "[CP] Embed Pods Frameworks";
			outputFileListPaths = (
				"${PODS_ROOT}/Target Support Files/Pods-GoogleMapsEx/Pods-GoogleMapsEx-frameworks-${CONFIGURATION}-output-files.xcfilelist",
			);
			runOnlyForDeploymentPostprocessing = 0;
			shellPath = /bin/sh;
			shellScript = "\"${PODS_ROOT}/Target Support Files/Pods-GoogleMapsEx/Pods-GoogleMapsEx-frameworks.sh\"\n";
			showEnvVarsInLog = 0;
		};
		DE277107A24518E49745065A /* [CP] Check Pods Manifest.lock */ = {
			isa = PBXShellScriptBuildPhase;
			buildActionMask = 2147483647;
			files = (
			);
			inputFileListPaths = (
			);
			inputPaths = (
				"${PODS_PODFILE_DIR_PATH}/Podfile.lock",
				"${PODS_ROOT}/Manifest.lock",
			);
			name = "[CP] Check Pods Manifest.lock";
			outputFileListPaths = (
			);
			outputPaths = (
				"$(DERIVED_FILE_DIR)/Pods-GoogleMapsEx-checkManifestLockResult.txt",
			);
			runOnlyForDeploymentPostprocessing = 0;
			shellPath = /bin/sh;
			shellScript = "diff \"${PODS_PODFILE_DIR_PATH}/Podfile.lock\" \"${PODS_ROOT}/Manifest.lock\" > /dev/null\nif [ $? != 0 ] ; then\n    # print error to STDERR\n    echo \"error: The sandbox is not in sync with the Podfile.lock. Run 'pod install' or update your CocoaPods installation.\" >&2\n    exit 1\nfi\n# This output is used by Xcode 'outputs' to avoid re-running this script phase.\necho \"SUCCESS\" > \"${SCRIPT_OUTPUT_FILE_0}\"\n";
			showEnvVarsInLog = 0;
		};
/* End PBXShellScriptBuildPhase section */

/* Begin PBXSourcesBuildPhase section */
		1E603326260DBF5100B4D30F /* Sources */ = {
			isa = PBXSourcesBuildPhase;
			buildActionMask = 2147483647;
			files = (
				1E603351260DC5ED00B4D30F /* autocompleteSearchViewController.swift in Sources */,
				1E60335D260E07D400B4D30F /* SQliteHelper.swift in Sources */,
				1E603360260E080500B4D30F /* LocStore.swift in Sources */,
				1059CC8B2613409500F4DC41 /* DataCell.swift in Sources */,
				1E60332E260DBF5100B4D30F /* AppDelegate.swift in Sources */,
				1E60334E260DC55D00B4D30F /* GoogleMapViewController.swift in Sources */,
				1E603330260DBF5100B4D30F /* SceneDelegate.swift in Sources */,
			);
			runOnlyForDeploymentPostprocessing = 0;
		};
/* End PBXSourcesBuildPhase section */

/* Begin PBXVariantGroup section */
		1E603333260DBF5100B4D30F /* Main.storyboard */ = {
			isa = PBXVariantGroup;
			children = (
				1E603334260DBF5100B4D30F /* Base */,
			);
			name = Main.storyboard;
			sourceTree = "<group>";
		};
		1E60333B260DBF5500B4D30F /* LaunchScreen.storyboard */ = {
			isa = PBXVariantGroup;
			children = (
				1E60333C260DBF5500B4D30F /* Base */,
			);
			name = LaunchScreen.storyboard;
			sourceTree = "<group>";
		};
/* End PBXVariantGroup section */

/* Begin XCBuildConfiguration section */
		1E60333F260DBF5500B4D30F /* Debug */ = {
			isa = XCBuildConfiguration;
			buildSettings = {
				ALWAYS_SEARCH_USER_PATHS = NO;
				CLANG_ANALYZER_NONNULL = YES;
				CLANG_ANALYZER_NUMBER_OBJECT_CONVERSION = YES_AGGRESSIVE;
				CLANG_CXX_LANGUAGE_STANDARD = "gnu++14";
				CLANG_CXX_LIBRARY = "libc++";
				CLANG_ENABLE_MODULES = YES;
				CLANG_ENABLE_OBJC_ARC = YES;
				CLANG_ENABLE_OBJC_WEAK = YES;
				CLANG_WARN_BLOCK_CAPTURE_AUTORELEASING = YES;
				CLANG_WARN_BOOL_CONVERSION = YES;
				CLANG_WARN_COMMA = YES;
				CLANG_WARN_CONSTANT_CONVERSION = YES;
				CLANG_WARN_DEPRECATED_OBJC_IMPLEMENTATIONS = YES;
				CLANG_WARN_DIRECT_OBJC_ISA_USAGE = YES_ERROR;
				CLANG_WARN_DOCUMENTATION_COMMENTS = YES;
				CLANG_WARN_EMPTY_BODY = YES;
				CLANG_WARN_ENUM_CONVERSION = YES;
				CLANG_WARN_INFINITE_RECURSION = YES;
				CLANG_WARN_INT_CONVERSION = YES;
				CLANG_WARN_NON_LITERAL_NULL_CONVERSION = YES;
				CLANG_WARN_OBJC_IMPLICIT_RETAIN_SELF = YES;
				CLANG_WARN_OBJC_LITERAL_CONVERSION = YES;
				CLANG_WARN_OBJC_ROOT_CLASS = YES_ERROR;
				CLANG_WARN_QUOTED_INCLUDE_IN_FRAMEWORK_HEADER = YES;
				CLANG_WARN_RANGE_LOOP_ANALYSIS = YES;
				CLANG_WARN_STRICT_PROTOTYPES = YES;
				CLANG_WARN_SUSPICIOUS_MOVE = YES;
				CLANG_WARN_UNGUARDED_AVAILABILITY = YES_AGGRESSIVE;
				CLANG_WARN_UNREACHABLE_CODE = YES;
				CLANG_WARN__DUPLICATE_METHOD_MATCH = YES;
				COPY_PHASE_STRIP = NO;
				DEBUG_INFORMATION_FORMAT = dwarf;
				ENABLE_STRICT_OBJC_MSGSEND = YES;
				ENABLE_TESTABILITY = YES;
				GCC_C_LANGUAGE_STANDARD = gnu11;
				GCC_DYNAMIC_NO_PIC = NO;
				GCC_NO_COMMON_BLOCKS = YES;
				GCC_OPTIMIZATION_LEVEL = 0;
				GCC_PREPROCESSOR_DEFINITIONS = (
					"DEBUG=1",
					"$(inherited)",
				);
				GCC_WARN_64_TO_32_BIT_CONVERSION = YES;
				GCC_WARN_ABOUT_RETURN_TYPE = YES_ERROR;
				GCC_WARN_UNDECLARED_SELECTOR = YES;
				GCC_WARN_UNINITIALIZED_AUTOS = YES_AGGRESSIVE;
				GCC_WARN_UNUSED_FUNCTION = YES;
				GCC_WARN_UNUSED_VARIABLE = YES;
				IPHONEOS_DEPLOYMENT_TARGET = 14.0;
				MTL_ENABLE_DEBUG_INFO = INCLUDE_SOURCE;
				MTL_FAST_MATH = YES;
				ONLY_ACTIVE_ARCH = YES;
				SDKROOT = iphoneos;
				SWIFT_ACTIVE_COMPILATION_CONDITIONS = DEBUG;
				SWIFT_OPTIMIZATION_LEVEL = "-Onone";
			};
			name = Debug;
		};
		1E603340260DBF5500B4D30F /* Release */ = {
			isa = XCBuildConfiguration;
			buildSettings = {
				ALWAYS_SEARCH_USER_PATHS = NO;
				CLANG_ANALYZER_NONNULL = YES;
				CLANG_ANALYZER_NUMBER_OBJECT_CONVERSION = YES_AGGRESSIVE;
				CLANG_CXX_LANGUAGE_STANDARD = "gnu++14";
				CLANG_CXX_LIBRARY = "libc++";
				CLANG_ENABLE_MODULES = YES;
				CLANG_ENABLE_OBJC_ARC = YES;
				CLANG_ENABLE_OBJC_WEAK = YES;
				CLANG_WARN_BLOCK_CAPTURE_AUTORELEASING = YES;
				CLANG_WARN_BOOL_CONVERSION = YES;
				CLANG_WARN_COMMA = YES;
				CLANG_WARN_CONSTANT_CONVERSION = YES;
				CLANG_WARN_DEPRECATED_OBJC_IMPLEMENTATIONS = YES;
				CLANG_WARN_DIRECT_OBJC_ISA_USAGE = YES_ERROR;
				CLANG_WARN_DOCUMENTATION_COMMENTS = YES;
				CLANG_WARN_EMPTY_BODY = YES;
				CLANG_WARN_ENUM_CONVERSION = YES;
				CLANG_WARN_INFINITE_RECURSION = YES;
				CLANG_WARN_INT_CONVERSION = YES;
				CLANG_WARN_NON_LITERAL_NULL_CONVERSION = YES;
				CLANG_WARN_OBJC_IMPLICIT_RETAIN_SELF = YES;
				CLANG_WARN_OBJC_LITERAL_CONVERSION = YES;
				CLANG_WARN_OBJC_ROOT_CLASS = YES_ERROR;
				CLANG_WARN_QUOTED_INCLUDE_IN_FRAMEWORK_HEADER = YES;
				CLANG_WARN_RANGE_LOOP_ANALYSIS = YES;
				CLANG_WARN_STRICT_PROTOTYPES = YES;
				CLANG_WARN_SUSPICIOUS_MOVE = YES;
				CLANG_WARN_UNGUARDED_AVAILABILITY = YES_AGGRESSIVE;
				CLANG_WARN_UNREACHABLE_CODE = YES;
				CLANG_WARN__DUPLICATE_METHOD_MATCH = YES;
				COPY_PHASE_STRIP = NO;
				DEBUG_INFORMATION_FORMAT = "dwarf-with-dsym";
				ENABLE_NS_ASSERTIONS = NO;
				ENABLE_STRICT_OBJC_MSGSEND = YES;
				GCC_C_LANGUAGE_STANDARD = gnu11;
				GCC_NO_COMMON_BLOCKS = YES;
				GCC_WARN_64_TO_32_BIT_CONVERSION = YES;
				GCC_WARN_ABOUT_RETURN_TYPE = YES_ERROR;
				GCC_WARN_UNDECLARED_SELECTOR = YES;
				GCC_WARN_UNINITIALIZED_AUTOS = YES_AGGRESSIVE;
				GCC_WARN_UNUSED_FUNCTION = YES;
				GCC_WARN_UNUSED_VARIABLE = YES;
				IPHONEOS_DEPLOYMENT_TARGET = 14.0;
				MTL_ENABLE_DEBUG_INFO = NO;
				MTL_FAST_MATH = YES;
				SDKROOT = iphoneos;
				SWIFT_COMPILATION_MODE = wholemodule;
				SWIFT_OPTIMIZATION_LEVEL = "-O";
				VALIDATE_PRODUCT = YES;
			};
			name = Release;
		};
		1E603342260DBF5500B4D30F /* Debug */ = {
			isa = XCBuildConfiguration;
			baseConfigurationReference = 7839BCF851C93E81E9283069 /* Pods-GoogleMapsEx.debug.xcconfig */;
			buildSettings = {
				ASSETCATALOG_COMPILER_APPICON_NAME = AppIcon;
				ASSETCATALOG_COMPILER_GLOBAL_ACCENT_COLOR_NAME = AccentColor;
				CODE_SIGN_STYLE = Automatic;
				INFOPLIST_FILE = GoogleMapsEx/Info.plist;
				LD_RUNPATH_SEARCH_PATHS = (
					"$(inherited)",
					"@executable_path/Frameworks",
				);
				PRODUCT_BUNDLE_IDENTIFIER = Shankar.GoogleMapsEx;
				PRODUCT_NAME = "$(TARGET_NAME)";
				SWIFT_VERSION = 5.0;
				TARGETED_DEVICE_FAMILY = "1,2";
			};
			name = Debug;
		};
		1E603343260DBF5500B4D30F /* Release */ = {
			isa = XCBuildConfiguration;
			baseConfigurationReference = F65433717AA79CA7C884214F /* Pods-GoogleMapsEx.release.xcconfig */;
			buildSettings = {
				ASSETCATALOG_COMPILER_APPICON_NAME = AppIcon;
				ASSETCATALOG_COMPILER_GLOBAL_ACCENT_COLOR_NAME = AccentColor;
				CODE_SIGN_STYLE = Automatic;
				INFOPLIST_FILE = GoogleMapsEx/Info.plist;
				LD_RUNPATH_SEARCH_PATHS = (
					"$(inherited)",
					"@executable_path/Frameworks",
				);
				PRODUCT_BUNDLE_IDENTIFIER = Shankar.GoogleMapsEx;
				PRODUCT_NAME = "$(TARGET_NAME)";
				SWIFT_VERSION = 5.0;
				TARGETED_DEVICE_FAMILY = "1,2";
			};
			name = Release;
		};
/* End XCBuildConfiguration section */

/* Begin XCConfigurationList section */
		1E603325260DBF5000B4D30F /* Build configuration list for PBXProject "GoogleMapsEx" */ = {
			isa = XCConfigurationList;
			buildConfigurations = (
				1E60333F260DBF5500B4D30F /* Debug */,
				1E603340260DBF5500B4D30F /* Release */,
			);
			defaultConfigurationIsVisible = 0;
			defaultConfigurationName = Release;
		};
		1E603341260DBF5500B4D30F /* Build configuration list for PBXNativeTarget "GoogleMapsEx" */ = {
			isa = XCConfigurationList;
			buildConfigurations = (
				1E603342260DBF5500B4D30F /* Debug */,
				1E603343260DBF5500B4D30F /* Release */,
			);
			defaultConfigurationIsVisible = 0;
			defaultConfigurationName = Release;
		};
/* End XCConfigurationList section */
	};
	rootObject = 1E603322260DBF5000B4D30F /* Project object */;
}
